
Microsoft Visual Studio Solution File, Format Version 10.00
# Visual Studio 2008
Project("{F184B08F-C81C-45F6-A57F-5ABD9991F28F}") = "CEOfflineBase", "..\..\CEOfflineBase\CEOfflineBase\CEOfflineBase.vbproj", "{253BBB73-17FF-4489-AA7D-097358CD5837}"
EndProject
Project("{F184B08F-C81C-45F6-A57F-5ABD9991F28F}") = "ce_frttpack", "ce_frttpack.vbproj", "{2A6B5BDE-6F67-4FD2-9285-CFCA660F1D3A}"
EndProject
Project("{F184B08F-C81C-45F6-A57F-5ABD9991F28F}") = "CE_FRDLT", "..\..\CE_FRDLT\CE_FRDLT.vbproj", "{DD08AB84-C491-47C1-B3D2-A2309C946F7B}"
EndProject
Project("{F184B08F-C81C-45F6-A57F-5ABD9991F28F}") = "CE_FRDFT", "..\..\CE_FRDFT\CE_FRDFT.vbproj", "{877D2F6F-6AFD-4721-BD2E-D895E65A0864}"
EndProject
Project("{B900F1C2-3D47-4FEC-85B3-04AAF18C3634}") = "FRTT_MOBILE_CAB", "..\SmartDeviceCab1\SmartDeviceCab1.vddproj", "{7489EB22-0F0C-4FDD-AACF-D11CA556B1C9}"
EndProject
Global
	GlobalSection(SolutionConfigurationPlatforms) = preSolution
		Debug|Any CPU = Debug|Any CPU
		Release|Any CPU = Release|Any CPU
	EndGlobalSection
	GlobalSection(ProjectConfigurationPlatforms) = postSolution
		{253BBB73-17FF-4489-AA7D-097358CD5837}.Debug|Any CPU.ActiveCfg = Debug|Any CPU
		{253BBB73-17FF-4489-AA7D-097358CD5837}.Debug|Any CPU.Build.0 = Debug|Any CPU
		{253BBB73-17FF-4489-AA7D-097358CD5837}.Release|Any CPU.ActiveCfg = Release|Any CPU
		{253BBB73-17FF-4489-AA7D-097358CD5837}.Release|Any CPU.Build.0 = Release|Any CPU
		{2A6B5BDE-6F67-4FD2-9285-CFCA660F1D3A}.Debug|Any CPU.ActiveCfg = Debug|Any CPU
		{2A6B5BDE-6F67-4FD2-9285-CFCA660F1D3A}.Debug|Any CPU.Build.0 = Debug|Any CPU
		{2A6B5BDE-6F67-4FD2-9285-CFCA660F1D3A}.Debug|Any CPU.Deploy.0 = Debug|Any CPU
		{2A6B5BDE-6F67-4FD2-9285-CFCA660F1D3A}.Release|Any CPU.ActiveCfg = Release|Any CPU
		{2A6B5BDE-6F67-4FD2-9285-CFCA660F1D3A}.Release|Any CPU.Build.0 = Release|Any CPU
		{2A6B5BDE-6F67-4FD2-9285-CFCA660F1D3A}.Release|Any CPU.Deploy.0 = Release|Any CPU
		{DD08AB84-C491-47C1-B3D2-A2309C946F7B}.Debug|Any CPU.ActiveCfg = Debug|Any CPU
		{DD08AB84-C491-47C1-B3D2-A2309C946F7B}.Debug|Any CPU.Build.0 = Debug|Any CPU
		{DD08AB84-C491-47C1-B3D2-A2309C946F7B}.Release|Any CPU.ActiveCfg = Release|Any CPU
		{DD08AB84-C491-47C1-B3D2-A2309C946F7B}.Release|Any CPU.Build.0 = Release|Any CPU
		{877D2F6F-6AFD-4721-BD2E-D895E65A0864}.Debug|Any CPU.ActiveCfg = Debug|Any CPU
		{877D2F6F-6AFD-4721-BD2E-D895E65A0864}.Debug|Any CPU.Build.0 = Debug|Any CPU
		{877D2F6F-6AFD-4721-BD2E-D895E65A0864}.Release|Any CPU.ActiveCfg = Release|Any CPU
		{877D2F6F-6AFD-4721-BD2E-D895E65A0864}.Release|Any CPU.Build.0 = Release|Any CPU
		{7489EB22-0F0C-4FDD-AACF-D11CA556B1C9}.Debug|Any CPU.ActiveCfg = Debug
		{7489EB22-0F0C-4FDD-AACF-D11CA556B1C9}.Release|Any CPU.ActiveCfg = Release
	EndGlobalSection
	GlobalSection(SolutionProperties) = preSolution
		HideSolutionNode = FALSE
	EndGlobalSection
EndGlobal
